PODS:
  - PhraseSDK (2.2.1)
  - R.swift (5.1.0):
    - R.swift.Library (~> 5.1.0)
  - R.swift.Library (5.1.0)

DEPENDENCIES:
  - PhraseSDK (= 2.2.1)
  - R.swift (= 5.1.0)

SPEC REPOS:
  trunk:
    - PhraseSDK
    - R.swift
    - R.swift.Library

SPEC CHECKSUMS:
  PhraseSDK: 39ace52274d662f1fc1fa074084ddc3cc4afdcb3
  R.swift: 8cbc4fc69b740305b6a17c8a8ed968eb788962d9
  R.swift.Library: fa85ce1e0d0b7e818cd9e080df910ba54d2776cc

PODFILE CHECKSUM: a4433fef39ae04d0d3ca4c736dd2da12e6414183

COCOAPODS: 1.9.3
